
Microsoft Visual Studio Solution File, Format Version 12.00
# Visual Studio 15
VisualStudioVersion = 15.0.27428.2043
MinimumVisualStudioVersion = 10.0.40219.1
Project("{FAE04EC0-301F-11D3-BF4B-00C04F79EFBC}") = "Stocks", "Stocks\Stocks.csproj", "{ABFD84CD-9840-4192-82C6-F23495A0EA6E}"
EndProject
Global
	GlobalSection(SolutionConfigurationPlatforms) = preSolution
		Debug|Any CPU = Debug|Any CPU
		Release|Any CPU = Release|Any CPU
	EndGlobalSection
	GlobalSection(ProjectConfigurationPlatforms) = postSolution
		{ABFD84CD-9840-4192-82C6-F23495A0EA6E}.Debug|Any CPU.ActiveCfg = Debug|Any CPU
		{ABFD84CD-9840-4192-82C6-F23495A0EA6E}.Debug|Any CPU.Build.0 = Debug|Any CPU
		{ABFD84CD-9840-4192-82C6-F23495A0EA6E}.Release|Any CPU.ActiveCfg = Release|Any CPU
		{ABFD84CD-9840-4192-82C6-F23495A0EA6E}.Release|Any CPU.Build.0 = Release|Any CPU
	EndGlobalSection
	GlobalSection(SolutionProperties) = preSolution
		HideSolutionNode = FALSE
	EndGlobalSection
	GlobalSection(ExtensibilityGlobals) = postSolution
		SolutionGuid = {C872287A-5392-4216-AF75-20AED4DDCC75}
	EndGlobalSection
EndGlobal
